// !$*UTF8*$!
{
	archiveVersion = 1;
	classes = {
	};
	objectVersion = 46;
	objects = {

/* Begin PBXBuildFile section */
		A2CEA4C919E254D7008E55C2 /* AppDelegate.swift in Sources */ = {isa = PBXBuildFile; fileRef = A2CEA4C819E254D7008E55C2 /* AppDelegate.swift */; };
		A2CEA4CC19E254D7008E55C2 /* CFTwitterDay1.xcdatamodeld in Sources */ = {isa = PBXBuildFile; fileRef = A2CEA4CA19E254D7008E55C2 /* CFTwitterDay1.xcdatamodeld */; };
		A2CEA4CE19E254D7008E55C2 /* ViewController.swift in Sources */ = {isa = PBXBuildFile; fileRef = A2CEA4CD19E254D7008E55C2 /* ViewController.swift */; };
		A2CEA4D119E254D7008E55C2 /* Main.storyboard in Resources */ = {isa = PBXBuildFile; fileRef = A2CEA4CF19E254D7008E55C2 /* Main.storyboard */; };
		A2CEA4D319E254D7008E55C2 /* Images.xcassets in Resources */ = {isa = PBXBuildFile; fileRef = A2CEA4D219E254D7008E55C2 /* Images.xcassets */; };
		A2CEA4D619E254D7008E55C2 /* LaunchScreen.xib in Resources */ = {isa = PBXBuildFile; fileRef = A2CEA4D419E254D7008E55C2 /* LaunchScreen.xib */; };
		A2CEA4E219E254D8008E55C2 /* CFTwitterDay1Tests.swift in Sources */ = {isa = PBXBuildFile; fileRef = A2CEA4E119E254D8008E55C2 /* CFTwitterDay1Tests.swift */; };
		A2CEA4EC19E25593008E55C2 /* tweet.json in Resources */ = {isa = PBXBuildFile; fileRef = A2CEA4EB19E25593008E55C2 /* tweet.json */; };
		A2CEA4EE19E255A9008E55C2 /* Tweet.swift in Sources */ = {isa = PBXBuildFile; fileRef = A2CEA4ED19E255A9008E55C2 /* Tweet.swift */; };
/* End PBXBuildFile section */

/* Begin PBXContainerItemProxy section */
		A2CEA4DC19E254D7008E55C2 /* PBXContainerItemProxy */ = {
			isa = PBXContainerItemProxy;
			containerPortal = A2CEA4BB19E254D7008E55C2 /* Project object */;
			proxyType = 1;
			remoteGlobalIDString = A2CEA4C219E254D7008E55C2;
			remoteInfo = CFTwitterDay1;
		};
/* End PBXContainerItemProxy section */

/* Begin PBXFileReference section */
		A2CEA4C319E254D7008E55C2 /* CFTwitterDay1.app */ = {isa = PBXFileReference; explicitFileType = wrapper.application; includeInIndex = 0; path = CFTwitterDay1.app; sourceTree = BUILT_PRODUCTS_DIR; };
		A2CEA4C719E254D7008E55C2 /* Info.plist */ = {isa = PBXFileReference; lastKnownFileType = text.plist.xml; path = Info.plist; sourceTree = "<group>"; };
		A2CEA4C819E254D7008E55C2 /* AppDelegate.swift */ = {isa = PBXFileReference; lastKnownFileType = sourcecode.swift; path = AppDelegate.swift; sourceTree = "<group>"; };
		A2CEA4CB19E254D7008E55C2 /* CFTwitterDay1.xcdatamodel */ = {isa = PBXFileReference; lastKnownFileType = wrapper.xcdatamodel; path = CFTwitterDay1.xcdatamodel; sourceTree = "<group>"; };
		A2CEA4CD19E254D7008E55C2 /* ViewController.swift */ = {isa = PBXFileReference; lastKnownFileType = sourcecode.swift; path = ViewController.swift; sourceTree = "<group>"; };
		A2CEA4D019E254D7008E55C2 /* Base */ = {isa = PBXFileReference; lastKnownFileType = file.storyboard; name = Base; path = Base.lproj/Main.storyboard; sourceTree = "<group>"; };
		A2CEA4D219E254D7008E55C2 /* Images.xcassets */ = {isa = PBXFileReference; lastKnownFileType = folder.assetcatalog; path = Images.xcassets; sourceTree = "<group>"; };
		A2CEA4D519E254D7008E55C2 /* Base */ = {isa = PBXFileReference; lastKnownFileType = file.xib; name = Base; path = Base.lproj/LaunchScreen.xib; sourceTree = "<group>"; };
		A2CEA4DB19E254D7008E55C2 /* CFTwitterDay1Tests.xctest */ = {isa = PBXFileReference; explicitFileType = wrapper.cfbundle; includeInIndex = 0; path = CFTwitterDay1Tests.xctest; sourceTree = BUILT_PRODUCTS_DIR; };
		A2CEA4E019E254D7008E55C2 /* Info.plist */ = {isa = PBXFileReference; lastKnownFileType = text.plist.xml; path = Info.plist; sourceTree = "<group>"; };
		A2CEA4E119E254D8008E55C2 /* CFTwitterDay1Tests.swift */ = {isa = PBXFileReference; lastKnownFileType = sourcecode.swift; path = CFTwitterDay1Tests.swift; sourceTree = "<group>"; };
		A2CEA4EB19E25593008E55C2 /* tweet.json */ = {isa = PBXFileReference; fileEncoding = 4; lastKnownFileType = text.json; path = tweet.json; sourceTree = "<group>"; };
		A2CEA4ED19E255A9008E55C2 /* Tweet.swift */ = {isa = PBXFileReference; fileEncoding = 4; lastKnownFileType = sourcecode.swift; path = Tweet.swift; sourceTree = "<group>"; };
/* End PBXFileReference section */

/* Begin PBXFrameworksBuildPhase section */
		A2CEA4C019E254D7008E55C2 /* Frameworks */ = {
			isa = PBXFrameworksBuildPhase;
			buildActionMask = 2147483647;
			files = (
			);
			runOnlyForDeploymentPostprocessing = 0;
		};
		A2CEA4D819E254D7008E55C2 /* Frameworks */ = {
			isa = PBXFrameworksBuildPhase;
			buildActionMask = 2147483647;
			files = (
			);
			runOnlyForDeploymentPostprocessing = 0;
		};
/* End PBXFrameworksBuildPhase section */

/* Begin PBXGroup section */
		A2CEA4BA19E254D7008E55C2 = {
			isa = PBXGroup;
			children = (
				A2CEA4C519E254D7008E55C2 /* CFTwitterDay1 */,
				A2CEA4DE19E254D7008E55C2 /* CFTwitterDay1Tests */,
				A2CEA4C419E254D7008E55C2 /* Products */,
			);
			sourceTree = "<group>";
		};
		A2CEA4C419E254D7008E55C2 /* Products */ = {
			isa = PBXGroup;
			children = (
				A2CEA4C319E254D7008E55C2 /* CFTwitterDay1.app */,
				A2CEA4DB19E254D7008E55C2 /* CFTwitterDay1Tests.xctest */,
			);
			name = Products;
			sourceTree = "<group>";
		};
		A2CEA4C519E254D7008E55C2 /* CFTwitterDay1 */ = {
			isa = PBXGroup;
			children = (
				A2CEA4EB19E25593008E55C2 /* tweet.json */,
				A2CEA4C819E254D7008E55C2 /* AppDelegate.swift */,
				A2CEA4CD19E254D7008E55C2 /* ViewController.swift */,
				A2CEA4ED19E255A9008E55C2 /* Tweet.swift */,
				A2CEA4CF19E254D7008E55C2 /* Main.storyboard */,
				A2CEA4D219E254D7008E55C2 /* Images.xcassets */,
				A2CEA4D419E254D7008E55C2 /* LaunchScreen.xib */,
				A2CEA4CA19E254D7008E55C2 /* CFTwitterDay1.xcdatamodeld */,
				A2CEA4C619E254D7008E55C2 /* Supporting Files */,
			);
			path = CFTwitterDay1;
			sourceTree = "<group>";
		};
		A2CEA4C619E254D7008E55C2 /* Supporting Files */ = {
			isa = PBXGroup;
			children = (
				A2CEA4C719E254D7008E55C2 /* Info.plist */,
			);
			name = "Supporting Files";
			sourceTree = "<group>";
		};
		A2CEA4DE19E254D7008E55C2 /* CFTwitterDay1Tests */ = {
			isa = PBXGroup;
			children = (
				A2CEA4E119E254D8008E55C2 /* CFTwitterDay1Tests.swift */,
				A2CEA4DF19E254D7008E55C2 /* Supporting Files */,
			);
			path = CFTwitterDay1Tests;
			sourceTree = "<group>";
		};
		A2CEA4DF19E254D7008E55C2 /* Supporting Files */ = {
			isa = PBXGroup;
			children = (
				A2CEA4E019E254D7008E55C2 /* Info.plist */,
			);
			name = "Supporting Files";
			sourceTree = "<group>";
		};
/* End PBXGroup section */

/* Begin PBXNativeTarget section */
		A2CEA4C219E254D7008E55C2 /* CFTwitterDay1 */ = {
			isa = PBXNativeTarget;
			buildConfigurationList = A2CEA4E519E254D8008E55C2 /* Build configuration list for PBXNativeTarget "CFTwitterDay1" */;
			buildPhases = (
				A2CEA4BF19E254D7008E55C2 /* Sources */,
				A2CEA4C019E254D7008E55C2 /* Frameworks */,
				A2CEA4C119E254D7008E55C2 /* Resources */,
			);
			buildRules = (
			);
			dependencies = (
			);
			name = CFTwitterDay1;
			productName = CFTwitterDay1;
			productReference = A2CEA4C319E254D7008E55C2 /* CFTwitterDay1.app */;
			productType = "com.apple.product-type.application";
		};
		A2CEA4DA19E254D7008E55C2 /* CFTwitterDay1Tests */ = {
			isa = PBXNativeTarget;
			buildConfigurationList = A2CEA4E819E254D8008E55C2 /* Build configuration list for PBXNativeTarget "CFTwitterDay1Tests" */;
			buildPhases = (
				A2CEA4D719E254D7008E55C2 /* Sources */,
				A2CEA4D819E254D7008E55C2 /* Frameworks */,
				A2CEA4D919E254D7008E55C2 /* Resources */,
			);
			buildRules = (
			);
			dependencies = (
				A2CEA4DD19E254D7008E55C2 /* PBXTargetDependency */,
			);
			name = CFTwitterDay1Tests;
			productName = CFTwitterDay1Tests;
			productReference = A2CEA4DB19E254D7008E55C2 /* CFTwitterDay1Tests.xctest */;
			productType = "com.apple.product-type.bundle.unit-test";
		};
/* End PBXNativeTarget section */

/* Begin PBXProject section */
		A2CEA4BB19E254D7008E55C2 /* Project object */ = {
			isa = PBXProject;
			attributes = {
				LastUpgradeCheck = 0600;
				ORGANIZATIONNAME = "Code Fellows";
				TargetAttributes = {
					A2CEA4C219E254D7008E55C2 = {
						CreatedOnToolsVersion = 6.0;
					};
					A2CEA4DA19E254D7008E55C2 = {
						CreatedOnToolsVersion = 6.0;
						TestTargetID = A2CEA4C219E254D7008E55C2;
					};
				};
			};
			buildConfigurationList = A2CEA4BE19E254D7008E55C2 /* Build configuration list for PBXProject "CFTwitterDay1" */;
			compatibilityVersion = "Xcode 3.2";
			developmentRegion = English;
			hasScannedForEncodings = 0;
			knownRegions = (
				en,
				Base,
			);
			mainGroup = A2CEA4BA19E254D7008E55C2;
			productRefGroup = A2CEA4C419E254D7008E55C2 /* Products */;
			projectDirPath = "";
			projectRoot = "";
			targets = (
				A2CEA4C219E254D7008E55C2 /* CFTwitterDay1 */,
				A2CEA4DA19E254D7008E55C2 /* CFTwitterDay1Tests */,
			);
		};
/* End PBXProject section */

/* Begin PBXResourcesBuildPhase section */
		A2CEA4C119E254D7008E55C2 /* Resources */ = {
			isa = PBXResourcesBuildPhase;
			buildActionMask = 2147483647;
			files = (
				A2CEA4D119E254D7008E55C2 /* Main.storyboard in Resources */,
				A2CEA4D619E254D7008E55C2 /* LaunchScreen.xib in Resources */,
				A2CEA4D319E254D7008E55C2 /* Images.xcassets in Resources */,
				A2CEA4EC19E25593008E55C2 /* tweet.json in Resources */,
			);
			runOnlyForDeploymentPostprocessing = 0;
		};
		A2CEA4D919E254D7008E55C2 /* Resources */ = {
			isa = PBXResourcesBuildPhase;
			buildActionMask = 2147483647;
			files = (
			);
			runOnlyForDeploymentPostprocessing = 0;
		};
/* End PBXResourcesBuildPhase section */

/* Begin PBXSourcesBuildPhase section */
		A2CEA4BF19E254D7008E55C2 /* Sources */ = {
			isa = PBXSourcesBuildPhase;
			buildActionMask = 2147483647;
			files = (
				A2CEA4CE19E254D7008E55C2 /* ViewController.swift in Sources */,
				A2CEA4C919E254D7008E55C2 /* AppDelegate.swift in Sources */,
				A2CEA4CC19E254D7008E55C2 /* CFTwitterDay1.xcdatamodeld in Sources */,
				A2CEA4EE19E255A9008E55C2 /* Tweet.swift in Sources */,
			);
			runOnlyForDeploymentPostprocessing = 0;
		};
		A2CEA4D719E254D7008E55C2 /* Sources */ = {
			isa = PBXSourcesBuildPhase;
			buildActionMask = 2147483647;
			files = (
				A2CEA4E219E254D8008E55C2 /* CFTwitterDay1Tests.swift in Sources */,
			);
			runOnlyForDeploymentPostprocessing = 0;
		};
/* End PBXSourcesBuildPhase section */

/* Begin PBXTargetDependency section */
		A2CEA4DD19E254D7008E55C2 /* PBXTargetDependency */ = {
			isa = PBXTargetDependency;
			target = A2CEA4C219E254D7008E55C2 /* CFTwitterDay1 */;
			targetProxy = A2CEA4DC19E254D7008E55C2 /* PBXContainerItemProxy */;
		};
/* End PBXTargetDependency section */

/* Begin PBXVariantGroup section */
		A2CEA4CF19E254D7008E55C2 /* Main.storyboard */ = {
			isa = PBXVariantGroup;
			children = (
				A2CEA4D019E254D7008E55C2 /* Base */,
			);
			name = Main.storyboard;
			sourceTree = "<group>";
		};
		A2CEA4D419E254D7008E55C2 /* LaunchScreen.xib */ = {
			isa = PBXVariantGroup;
			children = (
				A2CEA4D519E254D7008E55C2 /* Base */,
			);
			name = LaunchScreen.xib;
			sourceTree = "<group>";
		};
/* End PBXVariantGroup section */

/* Begin XCBuildConfiguration section */
		A2CEA4E319E254D8008E55C2 /* Debug */ = {
			isa = XCBuildConfiguration;
			buildSettings = {
				ALWAYS_SEARCH_USER_PATHS = NO;
				CLANG_CXX_LANGUAGE_STANDARD = "gnu++0x";
				CLANG_CXX_LIBRARY = "libc++";
				CLANG_ENABLE_MODULES = YES;
				CLANG_ENABLE_OBJC_ARC = YES;
				CLANG_WARN_BOOL_CONVERSION = YES;
				CLANG_WARN_CONSTANT_CONVERSION = YES;
				CLANG_WARN_DIRECT_OBJC_ISA_USAGE = YES_ERROR;
				CLANG_WARN_EMPTY_BODY = YES;
				CLANG_WARN_ENUM_CONVERSION = YES;
				CLANG_WARN_INT_CONVERSION = YES;
				CLANG_WARN_OBJC_ROOT_CLASS = YES_ERROR;
				CLANG_WARN_UNREACHABLE_CODE = YES;
				CLANG_WARN__DUPLICATE_METHOD_MATCH = YES;
				"CODE_SIGN_IDENTITY[sdk=iphoneos*]" = "iPhone Developer";
				COPY_PHASE_STRIP = NO;
				ENABLE_STRICT_OBJC_MSGSEND = YES;
				GCC_C_LANGUAGE_STANDARD = gnu99;
				GCC_DYNAMIC_NO_PIC = NO;
				GCC_OPTIMIZATION_LEVEL = 0;
				GCC_PREPROCESSOR_DEFINITIONS = (
					"DEBUG=1",
					"$(inherited)",
				);
				GCC_SYMBOLS_PRIVATE_EXTERN = NO;
				GCC_WARN_64_TO_32_BIT_CONVERSION = YES;
				GCC_WARN_ABOUT_RETURN_TYPE = YES_ERROR;
				GCC_WARN_UNDECLARED_SELECTOR = YES;
				GCC_WARN_UNINITIALIZED_AUTOS = YES_AGGRESSIVE;
				GCC_WARN_UNUSED_FUNCTION = YES;
				GCC_WARN_UNUSED_VARIABLE = YES;
				IPHONEOS_DEPLOYMENT_TARGET = 8.0;
				MTL_ENABLE_DEBUG_INFO = YES;
				ONLY_ACTIVE_ARCH = YES;
				SDKROOT = iphoneos;
				SWIFT_OPTIMIZATION_LEVEL = "-Onone";
				TARGETED_DEVICE_FAMILY = "1,2";
			};
			name = Debug;
		};
		A2CEA4E419E254D8008E55C2 /* Release */ = {
			isa = XCBuildConfiguration;
			buildSettings = {
				ALWAYS_SEARCH_USER_PATHS = NO;
				CLANG_CXX_LANGUAGE_STANDARD = "gnu++0x";
				CLANG_CXX_LIBRARY = "libc++";
				CLANG_ENABLE_MODULES = YES;
				CLANG_ENABLE_OBJC_ARC = YES;
				CLANG_WARN_BOOL_CONVERSION = YES;
				CLANG_WARN_CONSTANT_CONVERSION = YES;
				CLANG_WARN_DIRECT_OBJC_ISA_USAGE = YES_ERROR;
				CLANG_WARN_EMPTY_BODY = YES;
				CLANG_WARN_ENUM_CONVERSION = YES;
				CLANG_WARN_INT_CONVERSION = YES;
				CLANG_WARN_OBJC_ROOT_CLASS = YES_ERROR;
				CLANG_WARN_UNREACHABLE_CODE = YES;
				CLANG_WARN__DUPLICATE_METHOD_MATCH = YES;
				"CODE_SIGN_IDENTITY[sdk=iphoneos*]" = "iPhone Developer";
				COPY_PHASE_STRIP = YES;
				ENABLE_NS_ASSERTIONS = NO;
				ENABLE_STRICT_OBJC_MSGSEND = YES;
				GCC_C_LANGUAGE_STANDARD = gnu99;
				GCC_WARN_64_TO_32_BIT_CONVERSION = YES;
				GCC_WARN_ABOUT_RETURN_TYPE = YES_ERROR;
				GCC_WARN_UNDECLARED_SELECTOR = YES;
				GCC_WARN_UNINITIALIZED_AUTOS = YES_AGGRESSIVE;
				GCC_WARN_UNUSED_FUNCTION = YES;
				GCC_WARN_UNUSED_VARIABLE = YES;
				IPHONEOS_DEPLOYMENT_TARGET = 8.0;
				MTL_ENABLE_DEBUG_INFO = NO;
				SDKROOT = iphoneos;
				TARGETED_DEVICE_FAMILY = "1,2";
				VALIDATE_PRODUCT = YES;
			};
			name = Release;
		};
		A2CEA4E619E254D8008E55C2 /* Debug */ = {
			isa = XCBuildConfiguration;
			buildSettings = {
				ASSETCATALOG_COMPILER_APPICON_NAME = AppIcon;
				INFOPLIST_FILE = CFTwitterDay1/Info.plist;
				LD_RUNPATH_SEARCH_PATHS = "$(inherited) @executable_path/Frameworks";
				PRODUCT_NAME = "$(TARGET_NAME)";
			};
			name = Debug;
		};
		A2CEA4E719E254D8008E55C2 /* Release */ = {
			isa = XCBuildConfiguration;
			buildSettings = {
				ASSETCATALOG_COMPILER_APPICON_NAME = AppIcon;
				INFOPLIST_FILE = CFTwitterDay1/Info.plist;
				LD_RUNPATH_SEARCH_PATHS = "$(inherited) @executable_path/Frameworks";
				PRODUCT_NAME = "$(TARGET_NAME)";
			};
			name = Release;
		};
		A2CEA4E919E254D8008E55C2 /* Debug */ = {
			isa = XCBuildConfiguration;
			buildSettings = {
				BUNDLE_LOADER = "$(TEST_HOST)";
				FRAMEWORK_SEARCH_PATHS = (
					"$(SDKROOT)/Developer/Library/Frameworks",
					"$(inherited)",
				);
				GCC_PREPROCESSOR_DEFINITIONS = (
					"DEBUG=1",
					"$(inherited)",
				);
				INFOPLIST_FILE = CFTwitterDay1Tests/Info.plist;
				LD_RUNPATH_SEARCH_PATHS = "$(inherited) @executable_path/Frameworks @loader_path/Frameworks";
				PRODUCT_NAME = "$(TARGET_NAME)";
				TEST_HOST = "$(BUILT_PRODUCTS_DIR)/CFTwitterDay1.app/CFTwitterDay1";
			};
			name = Debug;
		};
		A2CEA4EA19E254D8008E55C2 /* Release */ = {
			isa = XCBuildConfiguration;
			buildSettings = {
				BUNDLE_LOADER = "$(TEST_HOST)";
				FRAMEWORK_SEARCH_PATHS = (
					"$(SDKROOT)/Developer/Library/Frameworks",
					"$(inherited)",
				);
				INFOPLIST_FILE = CFTwitterDay1Tests/Info.plist;
				LD_RUNPATH_SEARCH_PATHS = "$(inherited) @executable_path/Frameworks @loader_path/Frameworks";
				PRODUCT_NAME = "$(TARGET_NAME)";
				TEST_HOST = "$(BUILT_PRODUCTS_DIR)/CFTwitterDay1.app/CFTwitterDay1";
			};
			name = Release;
		};
/* End XCBuildConfiguration section */

/* Begin XCConfigurationList section */
		A2CEA4BE19E254D7008E55C2 /* Build configuration list for PBXProject "CFTwitterDay1" */ = {
			isa = XCConfigurationList;
			buildConfigurations = (
				A2CEA4E319E254D8008E55C2 /* Debug */,
				A2CEA4E419E254D8008E55C2 /* Release */,
			);
			defaultConfigurationIsVisible = 0;
			defaultConfigurationName = Release;
		};
		A2CEA4E519E254D8008E55C2 /* Build configuration list for PBXNativeTarget "CFTwitterDay1" */ = {
			isa = XCConfigurationList;
			buildConfigurations = (
				A2CEA4E619E254D8008E55C2 /* Debug */,
				A2CEA4E719E254D8008E55C2 /* Release */,
			);
			defaultConfigurationIsVisible = 0;
		};
		A2CEA4E819E254D8008E55C2 /* Build configuration list for PBXNativeTarget "CFTwitterDay1Tests" */ = {
			isa = XCConfigurationList;
			buildConfigurations = (
				A2CEA4E919E254D8008E55C2 /* Debug */,
				A2CEA4EA19E254D8008E55C2 /* Release */,
			);
			defaultConfigurationIsVisible = 0;
		};
/* End XCConfigurationList section */

/* Begin XCVersionGroup section */
		A2CEA4CA19E254D7008E55C2 /* CFTwitterDay1.xcdatamodeld */ = {
			isa = XCVersionGroup;
			children = (
				A2CEA4CB19E254D7008E55C2 /* CFTwitterDay1.xcdatamodel */,
			);
			currentVersion = A2CEA4CB19E254D7008E55C2 /* CFTwitterDay1.xcdatamodel */;
			path = CFTwitterDay1.xcdatamodeld;
			sourceTree = "<group>";
			versionGroupType = wrapper.xcdatamodel;
		};
/* End XCVersionGroup section */
	};
	rootObject = A2CEA4BB19E254D7008E55C2 /* Project object */;
}
